// !$*UTF8*$!
{
	archiveVersion = 1;
	classes = {
	};
	objectVersion = 77;
	objects = {

/* Begin PBXBuildFile section */
		4BD3C6892EFDBA8000CAA6BE /* GPS location app Watch App.app in Embed Watch Content */ = {isa = PBXBuildFile; fileRef = 4B5B76162EEC5D4D004907CC /* GPS location app Watch App.app */; settings = {ATTRIBUTES = (RemoveHeadersOnCopy, ); }; };
		B9641BDF2F07CC02005DFB1F /* WidgetKit.framework in Frameworks */ = {isa = PBXBuildFile; fileRef = B9641BDE2F07CC02005DFB1F /* WidgetKit.framework */; };
		B9641BE12F07CC02005DFB1F /* SwiftUI.framework in Frameworks */ = {isa = PBXBuildFile; fileRef = B9641BE02F07CC02005DFB1F /* SwiftUI.framework */; };
		B9641BF02F07CC03005DFB1F /* WorkoutWidgetExtension.appex in Embed Foundation Extensions */ = {isa = PBXBuildFile; fileRef = B9641BDD2F07CC02005DFB1F /* WorkoutWidgetExtension.appex */; settings = {ATTRIBUTES = (RemoveHeadersOnCopy, ); }; };
/* End PBXBuildFile section */

/* Begin PBXContainerItemProxy section */
		4BD3C68A2EFDBA8000CAA6BE /* PBXContainerItemProxy */ = {
			isa = PBXContainerItemProxy;
			containerPortal = 4B5B76012EEC5D49004907CC /* Project object */;
			proxyType = 1;
			remoteGlobalIDString = 4B5B76152EEC5D4D004907CC;
			remoteInfo = "GPS location app Watch App";
		};
		B9641BEE2F07CC03005DFB1F /* PBXContainerItemProxy */ = {
			isa = PBXContainerItemProxy;
			containerPortal = 4B5B76012EEC5D49004907CC /* Project object */;
			proxyType = 1;
			remoteGlobalIDString = B9641BDC2F07CC02005DFB1F;
			remoteInfo = WorkoutWidgetExtension;
		};
/* End PBXContainerItemProxy section */

/* Begin PBXCopyFilesBuildPhase section */
		4BD3C68C2EFDBA8000CAA6BE /* Embed Watch Content */ = {
			isa = PBXCopyFilesBuildPhase;
			buildActionMask = 2147483647;
			dstPath = "$(CONTENTS_FOLDER_PATH)/Watch";
			dstSubfolderSpec = 16;
			files = (
				4BD3C6892EFDBA8000CAA6BE /* GPS location app Watch App.app in Embed Watch Content */,
			);
			name = "Embed Watch Content";
			runOnlyForDeploymentPostprocessing = 0;
		};
		B9641BF52F07CC03005DFB1F /* Embed Foundation Extensions */ = {
			isa = PBXCopyFilesBuildPhase;
			buildActionMask = 2147483647;
			dstPath = "";
			dstSubfolderSpec = 13;
			files = (
				B9641BF02F07CC03005DFB1F /* WorkoutWidgetExtension.appex in Embed Foundation Extensions */,
			);
			name = "Embed Foundation Extensions";
			runOnlyForDeploymentPostprocessing = 0;
		};
/* End PBXCopyFilesBuildPhase section */

/* Begin PBXFileReference section */
		4B5B76092EEC5D49004907CC /* GPS location app.app */ = {isa = PBXFileReference; explicitFileType = wrapper.application; includeInIndex = 0; path = "GPS location app.app"; sourceTree = BUILT_PRODUCTS_DIR; };
		4B5B76162EEC5D4D004907CC /* GPS location app Watch App.app */ = {isa = PBXFileReference; explicitFileType = wrapper.application; includeInIndex = 0; path = "GPS location app Watch App.app"; sourceTree = BUILT_PRODUCTS_DIR; };
		B9641BDD2F07CC02005DFB1F /* WorkoutWidgetExtension.appex */ = {isa = PBXFileReference; explicitFileType = "wrapper.app-extension"; includeInIndex = 0; path = WorkoutWidgetExtension.appex; sourceTree = BUILT_PRODUCTS_DIR; };
		B9641BDE2F07CC02005DFB1F /* WidgetKit.framework */ = {isa = PBXFileReference; lastKnownFileType = wrapper.framework; name = WidgetKit.framework; path = System/Library/Frameworks/WidgetKit.framework; sourceTree = SDKROOT; };
		B9641BE02F07CC02005DFB1F /* SwiftUI.framework */ = {isa = PBXFileReference; lastKnownFileType = wrapper.framework; name = SwiftUI.framework; path = System/Library/Frameworks/SwiftUI.framework; sourceTree = SDKROOT; };
/* End PBXFileReference section */

/* Begin PBXFileSystemSynchronizedBuildFileExceptionSet section */
		4B7CBF322EECFD92002B8D6F /* Exceptions for "GPS location app" folder in "GPS location app" target */ = {
			isa = PBXFileSystemSynchronizedBuildFileExceptionSet;
			membershipExceptions = (
				Info.plist,
			);
			target = 4B5B76082EEC5D49004907CC /* GPS location app */;
		};
		B9641BF42F07CC03005DFB1F /* Exceptions for "WorkoutWidget" folder in "WorkoutWidgetExtension" target */ = {
			isa = PBXFileSystemSynchronizedBuildFileExceptionSet;
			membershipExceptions = (
				Info.plist,
			);
			target = B9641BDC2F07CC02005DFB1F /* WorkoutWidgetExtension */;
		};
/* End PBXFileSystemSynchronizedBuildFileExceptionSet section */

/* Begin PBXFileSystemSynchronizedRootGroup section */
		4B5B760B2EEC5D49004907CC /* GPS location app */ = {
			isa = PBXFileSystemSynchronizedRootGroup;
			exceptions = (
				4B7CBF322EECFD92002B8D6F /* Exceptions for "GPS location app" folder in "GPS location app" target */,
			);
			path = "GPS location app";
			sourceTree = "<group>";
		};
		4B5B761A2EEC5D4D004907CC /* GPS location app Watch App */ = {
			isa = PBXFileSystemSynchronizedRootGroup;
			path = "GPS location app Watch App";
			sourceTree = "<group>";
		};
		B9641BE22F07CC02005DFB1F /* WorkoutWidget */ = {
			isa = PBXFileSystemSynchronizedRootGroup;
			exceptions = (
				B9641BF42F07CC03005DFB1F /* Exceptions for "WorkoutWidget" folder in "WorkoutWidgetExtension" target */,
			);
			path = WorkoutWidget;
			sourceTree = "<group>";
		};
/* End PBXFileSystemSynchronizedRootGroup section */

/* Begin PBXFrameworksBuildPhase section */
		4B5B76062EEC5D49004907CC /* Frameworks */ = {
			isa = PBXFrameworksBuildPhase;
			buildActionMask = 2147483647;
			files = (
			);
			runOnlyForDeploymentPostprocessing = 0;
		};
		4B5B76132EEC5D4D004907CC /* Frameworks */ = {
			isa = PBXFrameworksBuildPhase;
			buildActionMask = 2147483647;
			files = (
			);
			runOnlyForDeploymentPostprocessing = 0;
		};
		B9641BDA2F07CC02005DFB1F /* Frameworks */ = {
			isa = PBXFrameworksBuildPhase;
			buildActionMask = 2147483647;
			files = (
				B9641BE12F07CC02005DFB1F /* SwiftUI.framework in Frameworks */,
				B9641BDF2F07CC02005DFB1F /* WidgetKit.framework in Frameworks */,
			);
			runOnlyForDeploymentPostprocessing = 0;
		};
/* End PBXFrameworksBuildPhase section */

/* Begin PBXGroup section */
		4B5B76002EEC5D49004907CC = {
			isa = PBXGroup;
			children = (
				4B5B760B2EEC5D49004907CC /* GPS location app */,
				4B5B761A2EEC5D4D004907CC /* GPS location app Watch App */,
				B9641BE22F07CC02005DFB1F /* WorkoutWidget */,
				4BD3C6882EFDBA8000CAA6BE /* Frameworks */,
				4B5B760A2EEC5D49004907CC /* Products */,
			);
			sourceTree = "<group>";
		};
		4B5B760A2EEC5D49004907CC /* Products */ = {
			isa = PBXGroup;
			children = (
				4B5B76092EEC5D49004907CC /* GPS location app.app */,
				4B5B76162EEC5D4D004907CC /* GPS location app Watch App.app */,
				B9641BDD2F07CC02005DFB1F /* WorkoutWidgetExtension.appex */,
			);
			name = Products;
			sourceTree = "<group>";
		};
		4BD3C6882EFDBA8000CAA6BE /* Frameworks */ = {
			isa = PBXGroup;
			children = (
				B9641BDE2F07CC02005DFB1F /* WidgetKit.framework */,
				B9641BE02F07CC02005DFB1F /* SwiftUI.framework */,
			);
			name = Frameworks;
			sourceTree = "<group>";
		};
/* End PBXGroup section */

/* Begin PBXNativeTarget section */
		4B5B76082EEC5D49004907CC /* GPS location app */ = {
			isa = PBXNativeTarget;
			buildConfigurationList = 4B5B76272EEC5D50004907CC /* Build configuration list for PBXNativeTarget "GPS location app" */;
			buildPhases = (
				4B5B76052EEC5D49004907CC /* Sources */,
				4B5B76062EEC5D49004907CC /* Frameworks */,
				4B5B76072EEC5D49004907CC /* Resources */,
				4BD3C68C2EFDBA8000CAA6BE /* Embed Watch Content */,
				B9641BF52F07CC03005DFB1F /* Embed Foundation Extensions */,
			);
			buildRules = (
			);
			dependencies = (
				4BD3C68B2EFDBA8000CAA6BE /* PBXTargetDependency */,
				B9641BEF2F07CC03005DFB1F /* PBXTargetDependency */,
			);
			fileSystemSynchronizedGroups = (
				4B5B760B2EEC5D49004907CC /* GPS location app */,
			);
			name = "GPS location app";
			packageProductDependencies = (
			);
			productName = "GPS location app";
			productReference = 4B5B76092EEC5D49004907CC /* GPS location app.app */;
			productType = "com.apple.product-type.application";
		};
		4B5B76152EEC5D4D004907CC /* GPS location app Watch App */ = {
			isa = PBXNativeTarget;
			buildConfigurationList = 4B5B76232EEC5D50004907CC /* Build configuration list for PBXNativeTarget "GPS location app Watch App" */;
			buildPhases = (
				4B5B76122EEC5D4D004907CC /* Sources */,
				4B5B76132EEC5D4D004907CC /* Frameworks */,
				4B5B76142EEC5D4D004907CC /* Resources */,
			);
			buildRules = (
			);
			dependencies = (
			);
			fileSystemSynchronizedGroups = (
				4B5B761A2EEC5D4D004907CC /* GPS location app Watch App */,
			);
			name = "GPS location app Watch App";
			packageProductDependencies = (
			);
			productName = "GPS location app Watch App";
			productReference = 4B5B76162EEC5D4D004907CC /* GPS location app Watch App.app */;
			productType = "com.apple.product-type.application";
		};
		B9641BDC2F07CC02005DFB1F /* WorkoutWidgetExtension */ = {
			isa = PBXNativeTarget;
			buildConfigurationList = B9641BF12F07CC03005DFB1F /* Build configuration list for PBXNativeTarget "WorkoutWidgetExtension" */;
			buildPhases = (
				B9641BD92F07CC02005DFB1F /* Sources */,
				B9641BDA2F07CC02005DFB1F /* Frameworks */,
				B9641BDB2F07CC02005DFB1F /* Resources */,
			);
			buildRules = (
			);
			dependencies = (
			);
			fileSystemSynchronizedGroups = (
				B9641BE22F07CC02005DFB1F /* WorkoutWidget */,
			);
			name = WorkoutWidgetExtension;
			packageProductDependencies = (
			);
			productName = WorkoutWidgetExtension;
			productReference = B9641BDD2F07CC02005DFB1F /* WorkoutWidgetExtension.appex */;
			productType = "com.apple.product-type.app-extension";
		};
/* End PBXNativeTarget section */

/* Begin PBXProject section */
		4B5B76012EEC5D49004907CC /* Project object */ = {
			isa = PBXProject;
			attributes = {
				BuildIndependentTargetsInParallel = 1;
				LastSwiftUpdateCheck = 2620;
				LastUpgradeCheck = 2620;
				TargetAttributes = {
					4B5B76082EEC5D49004907CC = {
						CreatedOnToolsVersion = 16.4;
					};
					4B5B76152EEC5D4D004907CC = {
						CreatedOnToolsVersion = 16.4;
					};
					B9641BDC2F07CC02005DFB1F = {
						CreatedOnToolsVersion = 26.2;
					};
				};
			};
			buildConfigurationList = 4B5B76042EEC5D49004907CC /* Build configuration list for PBXProject "GPS location app" */;
			developmentRegion = en;
			hasScannedForEncodings = 0;
			knownRegions = (
				en,
				Base,
			);
			mainGroup = 4B5B76002EEC5D49004907CC;
			minimizedProjectReferenceProxies = 1;
			preferredProjectObjectVersion = 77;
			productRefGroup = 4B5B760A2EEC5D49004907CC /* Products */;
			projectDirPath = "";
			projectRoot = "";
			targets = (
				4B5B76082EEC5D49004907CC /* GPS location app */,
				4B5B76152EEC5D4D004907CC /* GPS location app Watch App */,
				B9641BDC2F07CC02005DFB1F /* WorkoutWidgetExtension */,
			);
		};
/* End PBXProject section */

/* Begin PBXResourcesBuildPhase section */
		4B5B76072EEC5D49004907CC /* Resources */ = {
			isa = PBXResourcesBuildPhase;
			buildActionMask = 2147483647;
			files = (
			);
			runOnlyForDeploymentPostprocessing = 0;
		};
		4B5B76142EEC5D4D004907CC /* Resources */ = {
			isa = PBXResourcesBuildPhase;
			buildActionMask = 2147483647;
			files = (
			);
			runOnlyForDeploymentPostprocessing = 0;
		};
		B9641BDB2F07CC02005DFB1F /* Resources */ = {
			isa = PBXResourcesBuildPhase;
			buildActionMask = 2147483647;
			files = (
			);
			runOnlyForDeploymentPostprocessing = 0;
		};
/* End PBXResourcesBuildPhase section */

/* Begin PBXSourcesBuildPhase section */
		4B5B76052EEC5D49004907CC /* Sources */ = {
			isa = PBXSourcesBuildPhase;
			buildActionMask = 2147483647;
			files = (
			);
			runOnlyForDeploymentPostprocessing = 0;
		};
		4B5B76122EEC5D4D004907CC /* Sources */ = {
			isa = PBXSourcesBuildPhase;
			buildActionMask = 2147483647;
			files = (
			);
			runOnlyForDeploymentPostprocessing = 0;
		};
		B9641BD92F07CC02005DFB1F /* Sources */ = {
			isa = PBXSourcesBuildPhase;
			buildActionMask = 2147483647;
			files = (
			);
			runOnlyForDeploymentPostprocessing = 0;
		};
/* End PBXSourcesBuildPhase section */

/* Begin PBXTargetDependency section */
		4BD3C68B2EFDBA8000CAA6BE /* PBXTargetDependency */ = {
			isa = PBXTargetDependency;
			target = 4B5B76152EEC5D4D004907CC /* GPS location app Watch App */;
			targetProxy = 4BD3C68A2EFDBA8000CAA6BE /* PBXContainerItemProxy */;
		};
		B9641BEF2F07CC03005DFB1F /* PBXTargetDependency */ = {
			isa = PBXTargetDependency;
			target = B9641BDC2F07CC02005DFB1F /* WorkoutWidgetExtension */;
			targetProxy = B9641BEE2F07CC03005DFB1F /* PBXContainerItemProxy */;
		};
/* End PBXTargetDependency section */

/* Begin XCBuildConfiguration section */
		4B5B76212EEC5D50004907CC /* Debug */ = {
			isa = XCBuildConfiguration;
			buildSettings = {
				ALWAYS_SEARCH_USER_PATHS = NO;
				ASSETCATALOG_COMPILER_GENERATE_SWIFT_ASSET_SYMBOL_EXTENSIONS = YES;
				CLANG_ANALYZER_NONNULL = YES;
				CLANG_ANALYZER_NUMBER_OBJECT_CONVERSION = YES_AGGRESSIVE;
				CLANG_CXX_LANGUAGE_STANDARD = "gnu++20";
				CLANG_ENABLE_MODULES = YES;
				CLANG_ENABLE_OBJC_ARC = YES;
				CLANG_ENABLE_OBJC_WEAK = YES;
				CLANG_WARN_BLOCK_CAPTURE_AUTORELEASING = YES;
				CLANG_WARN_BOOL_CONVERSION = YES;
				CLANG_WARN_COMMA = YES;
				CLANG_WARN_CONSTANT_CONVERSION = YES;
				CLANG_WARN_DEPRECATED_OBJC_IMPLEMENTATIONS = YES;
				CLANG_WARN_DIRECT_OBJC_ISA_USAGE = YES_ERROR;
				CLANG_WARN_DOCUMENTATION_COMMENTS = YES;
				CLANG_WARN_EMPTY_BODY = YES;
				CLANG_WARN_ENUM_CONVERSION = YES;
				CLANG_WARN_INFINITE_RECURSION = YES;
				CLANG_WARN_INT_CONVERSION = YES;
				CLANG_WARN_NON_LITERAL_NULL_CONVERSION = YES;
				CLANG_WARN_OBJC_IMPLICIT_RETAIN_SELF = YES;
				CLANG_WARN_OBJC_LITERAL_CONVERSION = YES;
				CLANG_WARN_OBJC_ROOT_CLASS = YES_ERROR;
				CLANG_WARN_QUOTED_INCLUDE_IN_FRAMEWORK_HEADER = YES;
				CLANG_WARN_RANGE_LOOP_ANALYSIS = YES;
				CLANG_WARN_STRICT_PROTOTYPES = YES;
				CLANG_WARN_SUSPICIOUS_MOVE = YES;
				CLANG_WARN_UNGUARDED_AVAILABILITY = YES_AGGRESSIVE;
				CLANG_WARN_UNREACHABLE_CODE = YES;
				CLANG_WARN__DUPLICATE_METHOD_MATCH = YES;
				COPY_PHASE_STRIP = NO;
				DEAD_CODE_STRIPPING = YES;
				DEBUG_INFORMATION_FORMAT = dwarf;
				DEVELOPMENT_TEAM = "";
				ENABLE_STRICT_OBJC_MSGSEND = YES;
				ENABLE_TESTABILITY = YES;
				ENABLE_USER_SCRIPT_SANDBOXING = YES;
				GCC_C_LANGUAGE_STANDARD = gnu17;
				GCC_DYNAMIC_NO_PIC = NO;
				GCC_NO_COMMON_BLOCKS = YES;
				GCC_OPTIMIZATION_LEVEL = 0;
				GCC_PREPROCESSOR_DEFINITIONS = (
					"DEBUG=1",
					"$(inherited)",
				);
				GCC_WARN_64_TO_32_BIT_CONVERSION = YES;
				GCC_WARN_ABOUT_RETURN_TYPE = YES_ERROR;
				GCC_WARN_UNDECLARED_SELECTOR = YES;
				GCC_WARN_UNINITIALIZED_AUTOS = YES_AGGRESSIVE;
				GCC_WARN_UNUSED_FUNCTION = YES;
				GCC_WARN_UNUSED_VARIABLE = YES;
				LOCALIZATION_PREFERS_STRING_CATALOGS = YES;
				MTL_ENABLE_DEBUG_INFO = INCLUDE_SOURCE;
				MTL_FAST_MATH = YES;
				ONLY_ACTIVE_ARCH = YES;
				STRING_CATALOG_GENERATE_SYMBOLS = YES;
				SWIFT_ACTIVE_COMPILATION_CONDITIONS = "DEBUG $(inherited)";
				SWIFT_OPTIMIZATION_LEVEL = "-Onone";
			};
			name = Debug;
		};
		4B5B76222EEC5D50004907CC /* Release */ = {
			isa = XCBuildConfiguration;
			buildSettings = {
				ALWAYS_SEARCH_USER_PATHS = NO;
				ASSETCATALOG_COMPILER_GENERATE_SWIFT_ASSET_SYMBOL_EXTENSIONS = YES;
				CLANG_ANALYZER_NONNULL = YES;
				CLANG_ANALYZER_NUMBER_OBJECT_CONVERSION = YES_AGGRESSIVE;
				CLANG_CXX_LANGUAGE_STANDARD = "gnu++20";
				CLANG_ENABLE_MODULES = YES;
				CLANG_ENABLE_OBJC_ARC = YES;
				CLANG_ENABLE_OBJC_WEAK = YES;
				CLANG_WARN_BLOCK_CAPTURE_AUTORELEASING = YES;
				CLANG_WARN_BOOL_CONVERSION = YES;
				CLANG_WARN_COMMA = YES;
				CLANG_WARN_CONSTANT_CONVERSION = YES;
				CLANG_WARN_DEPRECATED_OBJC_IMPLEMENTATIONS = YES;
				CLANG_WARN_DIRECT_OBJC_ISA_USAGE = YES_ERROR;
				CLANG_WARN_DOCUMENTATION_COMMENTS = YES;
				CLANG_WARN_EMPTY_BODY = YES;
				CLANG_WARN_ENUM_CONVERSION = YES;
				CLANG_WARN_INFINITE_RECURSION = YES;
				CLANG_WARN_INT_CONVERSION = YES;
				CLANG_WARN_NON_LITERAL_NULL_CONVERSION = YES;
				CLANG_WARN_OBJC_IMPLICIT_RETAIN_SELF = YES;
				CLANG_WARN_OBJC_LITERAL_CONVERSION = YES;
				CLANG_WARN_OBJC_ROOT_CLASS = YES_ERROR;
				CLANG_WARN_QUOTED_INCLUDE_IN_FRAMEWORK_HEADER = YES;
				CLANG_WARN_RANGE_LOOP_ANALYSIS = YES;
				CLANG_WARN_STRICT_PROTOTYPES = YES;
				CLANG_WARN_SUSPICIOUS_MOVE = YES;
				CLANG_WARN_UNGUARDED_AVAILABILITY = YES_AGGRESSIVE;
				CLANG_WARN_UNREACHABLE_CODE = YES;
				CLANG_WARN__DUPLICATE_METHOD_MATCH = YES;
				COPY_PHASE_STRIP = NO;
				DEAD_CODE_STRIPPING = YES;
				DEBUG_INFORMATION_FORMAT = "dwarf-with-dsym";
				DEVELOPMENT_TEAM = "";
				ENABLE_NS_ASSERTIONS = NO;
				ENABLE_STRICT_OBJC_MSGSEND = YES;
				ENABLE_USER_SCRIPT_SANDBOXING = YES;
				GCC_C_LANGUAGE_STANDARD = gnu17;
				GCC_NO_COMMON_BLOCKS = YES;
				GCC_WARN_64_TO_32_BIT_CONVERSION = YES;
				GCC_WARN_ABOUT_RETURN_TYPE = YES_ERROR;
				GCC_WARN_UNDECLARED_SELECTOR = YES;
				GCC_WARN_UNINITIALIZED_AUTOS = YES_AGGRESSIVE;
				GCC_WARN_UNUSED_FUNCTION = YES;
				GCC_WARN_UNUSED_VARIABLE = YES;
				LOCALIZATION_PREFERS_STRING_CATALOGS = YES;
				MTL_ENABLE_DEBUG_INFO = NO;
				MTL_FAST_MATH = YES;
				STRING_CATALOG_GENERATE_SYMBOLS = YES;
				SWIFT_COMPILATION_MODE = wholemodule;
			};
			name = Release;
		};
		4B5B76242EEC5D50004907CC /* Debug */ = {
			isa = XCBuildConfiguration;
			buildSettings = {
				ASSETCATALOG_COMPILER_APPICON_NAME = AppIcon;
				ASSETCATALOG_COMPILER_GLOBAL_ACCENT_COLOR_NAME = AccentColor;
				CODE_SIGN_ENTITLEMENTS = "GPS location app Watch App/GPS_location_app_Watch_App.entitlements";
				CODE_SIGN_STYLE = Automatic;
				CURRENT_PROJECT_VERSION = 157;
				DEVELOPMENT_TEAM = LYK4LV2859;
				ENABLE_PREVIEWS = YES;
				GENERATE_INFOPLIST_FILE = YES;
				INFOPLIST_FILE = "GPS-location-app-Watch-App-Info.plist";
				INFOPLIST_KEY_CFBundleDisplayName = "GPS location app";
				INFOPLIST_KEY_NSCalendarsWriteOnlyAccessUsageDescription = "Allows saving workout events to your calendar.";
				INFOPLIST_KEY_NSHealthShareUsageDescription = "We need to read your health data to display your workout history from the Health app.";
				INFOPLIST_KEY_NSHealthUpdateUsageDescription = "We need to save your workouts and routes to the Health app so they appear in your Fitness history.";
				INFOPLIST_KEY_NSLocationAlwaysAndWhenInUseUsageDescription = "Workout tracking requires location access even when the app is in the background to ensure continuous GPS data collection throughout your workout.";
				INFOPLIST_KEY_NSLocationAlwaysUsageDescription = "Workout tracking requires continuous location access to track your complete workout route.";
				INFOPLIST_KEY_NSLocationWhenInUseUsageDescription = "We need your location to track your workout route, altitude, and speed.";
				INFOPLIST_KEY_NSMotionUsageDescription = "Allows step counting and walking metrics on Apple Watch.";
				INFOPLIST_KEY_UISupportedInterfaceOrientations = "UIInterfaceOrientationPortrait UIInterfaceOrientationPortraitUpsideDown";
				INFOPLIST_KEY_WKCompanionAppBundleIdentifier = euleryu.gps;
				LD_RUNPATH_SEARCH_PATHS = (
					"$(inherited)",
					"@executable_path/Frameworks",
				);
				MARKETING_VERSION = 1.3;
				PRODUCT_BUNDLE_IDENTIFIER = euleryu.gps.watchkitapp;
				PRODUCT_NAME = "$(TARGET_NAME)";
				SDKROOT = watchos;
				SKIP_INSTALL = YES;
				SWIFT_EMIT_LOC_STRINGS = YES;
				SWIFT_VERSION = 5.0;
				TARGETED_DEVICE_FAMILY = 4;
				WATCHOS_DEPLOYMENT_TARGET = 11.5;
			};
			name = Debug;
		};
		4B5B76252EEC5D50004907CC /* Release */ = {
			isa = XCBuildConfiguration;
			buildSettings = {
				ASSETCATALOG_COMPILER_APPICON_NAME = AppIcon;
				ASSETCATALOG_COMPILER_GLOBAL_ACCENT_COLOR_NAME = AccentColor;
				CODE_SIGN_ENTITLEMENTS = "GPS location app Watch App/GPS_location_app_Watch_App.entitlements";
				CODE_SIGN_STYLE = Automatic;
				CURRENT_PROJECT_VERSION = 157;
				DEVELOPMENT_TEAM = LYK4LV2859;
				ENABLE_PREVIEWS = YES;
				GENERATE_INFOPLIST_FILE = YES;
				INFOPLIST_FILE = "GPS-location-app-Watch-App-Info.plist";
				INFOPLIST_KEY_CFBundleDisplayName = "GPS location app";
				INFOPLIST_KEY_NSCalendarsWriteOnlyAccessUsageDescription = "Allows saving workout events to your calendar.";
				INFOPLIST_KEY_NSHealthShareUsageDescription = "We need to read your health data to display your workout history from the Health app.";
				INFOPLIST_KEY_NSHealthUpdateUsageDescription = "We need to save your workouts and routes to the Health app so they appear in your Fitness history.";
				INFOPLIST_KEY_NSLocationAlwaysAndWhenInUseUsageDescription = "Workout tracking requires location access even when the app is in the background to ensure continuous GPS data collection throughout your workout.";
				INFOPLIST_KEY_NSLocationAlwaysUsageDescription = "Workout tracking requires continuous location access to track your complete workout route.";
				INFOPLIST_KEY_NSLocationWhenInUseUsageDescription = "We need your location to track your workout route, altitude, and speed.";
				INFOPLIST_KEY_NSMotionUsageDescription = "Allows step counting and walking metrics on Apple Watch.";
				INFOPLIST_KEY_UISupportedInterfaceOrientations = "UIInterfaceOrientationPortrait UIInterfaceOrientationPortraitUpsideDown";
				INFOPLIST_KEY_WKCompanionAppBundleIdentifier = euleryu.gps;
				LD_RUNPATH_SEARCH_PATHS = (
					"$(inherited)",
					"@executable_path/Frameworks",
				);
				MARKETING_VERSION = 1.3;
				PRODUCT_BUNDLE_IDENTIFIER = euleryu.gps.watchkitapp;
				PRODUCT_NAME = "$(TARGET_NAME)";
				SDKROOT = watchos;
				SKIP_INSTALL = YES;
				SWIFT_EMIT_LOC_STRINGS = YES;
				SWIFT_VERSION = 5.0;
				TARGETED_DEVICE_FAMILY = 4;
				VALIDATE_PRODUCT = YES;
				WATCHOS_DEPLOYMENT_TARGET = 11.5;
			};
			name = Release;
		};
		4B5B76282EEC5D50004907CC /* Debug */ = {
			isa = XCBuildConfiguration;
			buildSettings = {
				ASSETCATALOG_COMPILER_APPICON_NAME = AppIcon;
				ASSETCATALOG_COMPILER_GLOBAL_ACCENT_COLOR_NAME = AccentColor;
				CODE_SIGN_ENTITLEMENTS = "GPS location app/GPS_location_app.entitlements";
				CODE_SIGN_IDENTITY = "Apple Development";
				CODE_SIGN_STYLE = Automatic;
				CURRENT_PROJECT_VERSION = 157;
				DEVELOPMENT_TEAM = LYK4LV2859;
				ENABLE_PREVIEWS = YES;
				GENERATE_INFOPLIST_FILE = YES;
				INFOPLIST_FILE = "GPS-location-app-Info.plist";
				INFOPLIST_KEY_CFBundleDisplayName = "GPS location app";
				INFOPLIST_KEY_LSSupportsOpeningDocumentsInPlace = YES;
				INFOPLIST_KEY_NSFallDetectionUsageDescription = "Fall detection helps ensure your safety during outdoor activities.";
				INFOPLIST_KEY_NSHealthShareUsageDescription = "We need to read your health data to display your workout history from the Health app.";
				INFOPLIST_KEY_NSHealthUpdateUsageDescription = "We need to save your workouts and routes to the Health app so they appear in your Fitness history.";
				INFOPLIST_KEY_NSLocationAlwaysAndWhenInUseUsageDescription = "Workout tracking requires location access even when the app is in the background to ensure continuous GPS data collection throughout your workout.";
				INFOPLIST_KEY_NSLocationAlwaysUsageDescription = "Workout tracking requires continuous location access to track your complete workout route.";
				INFOPLIST_KEY_NSLocationWhenInUseUsageDescription = "We need your location to track your workout route, altitude, and speed.";
				INFOPLIST_KEY_NSMotionUsageDescription = "We use motion data to improve workout metrics accuracy.";
				INFOPLIST_KEY_NSSupportsLiveActivities = YES;
				INFOPLIST_KEY_NSSupportsLiveActivitiesFrequentUpdates = YES;
				INFOPLIST_KEY_UIApplicationSupportsIndirectInputEvents = YES;
				INFOPLIST_KEY_UIBackgroundModes = location;
				INFOPLIST_KEY_UILaunchScreen_Generation = YES;
				INFOPLIST_KEY_UISupportedInterfaceOrientations_iPad = "UIInterfaceOrientationPortrait UIInterfaceOrientationPortraitUpsideDown UIInterfaceOrientationLandscapeLeft UIInterfaceOrientationLandscapeRight";
				INFOPLIST_KEY_UISupportedInterfaceOrientations_iPhone = "UIInterfaceOrientationPortrait UIInterfaceOrientationLandscapeLeft UIInterfaceOrientationLandscapeRight";
				IPHONEOS_DEPLOYMENT_TARGET = 18.5;
				LD_RUNPATH_SEARCH_PATHS = (
					"$(inherited)",
					"@executable_path/Frameworks",
				);
				MARKETING_VERSION = 1.3;
				PRODUCT_BUNDLE_IDENTIFIER = euleryu.gps;
				PRODUCT_NAME = "$(TARGET_NAME)";
				PROVISIONING_PROFILE_SPECIFIER = "";
				SDKROOT = iphoneos;
				SWIFT_EMIT_LOC_STRINGS = YES;
				SWIFT_VERSION = 5.0;
				TARGETED_DEVICE_FAMILY = "1,2";
			};
			name = Debug;
		};
		4B5B76292EEC5D50004907CC /* Release */ = {
			isa = XCBuildConfiguration;
			buildSettings = {
				ASSETCATALOG_COMPILER_APPICON_NAME = AppIcon;
				ASSETCATALOG_COMPILER_GLOBAL_ACCENT_COLOR_NAME = AccentColor;
				CODE_SIGN_ENTITLEMENTS = "GPS location app/GPS_location_app.entitlements";
				CODE_SIGN_IDENTITY = "Apple Development";
				CODE_SIGN_STYLE = Automatic;
				CURRENT_PROJECT_VERSION = 157;
				DEVELOPMENT_TEAM = LYK4LV2859;
				ENABLE_PREVIEWS = YES;
				GENERATE_INFOPLIST_FILE = YES;
				INFOPLIST_FILE = "GPS-location-app-Info.plist";
				INFOPLIST_KEY_CFBundleDisplayName = "GPS location app";
				INFOPLIST_KEY_LSSupportsOpeningDocumentsInPlace = YES;
				INFOPLIST_KEY_NSFallDetectionUsageDescription = "Fall detection helps ensure your safety during outdoor activities.";
				INFOPLIST_KEY_NSHealthShareUsageDescription = "We need to read your health data to display your workout history from the Health app.";
				INFOPLIST_KEY_NSHealthUpdateUsageDescription = "We need to save your workouts and routes to the Health app so they appear in your Fitness history.";
				INFOPLIST_KEY_NSLocationAlwaysAndWhenInUseUsageDescription = "Workout tracking requires location access even when the app is in the background to ensure continuous GPS data collection throughout your workout.";
				INFOPLIST_KEY_NSLocationAlwaysUsageDescription = "Workout tracking requires continuous location access to track your complete workout route.";
				INFOPLIST_KEY_NSLocationWhenInUseUsageDescription = "We need your location to track your workout route, altitude, and speed.";
				INFOPLIST_KEY_NSMotionUsageDescription = "We use motion data to improve workout metrics accuracy.";
				INFOPLIST_KEY_NSSupportsLiveActivities = YES;
				INFOPLIST_KEY_NSSupportsLiveActivitiesFrequentUpdates = YES;
				INFOPLIST_KEY_UIApplicationSupportsIndirectInputEvents = YES;
				INFOPLIST_KEY_UIBackgroundModes = location;
				INFOPLIST_KEY_UILaunchScreen_Generation = YES;
				INFOPLIST_KEY_UISupportedInterfaceOrientations_iPad = "UIInterfaceOrientationPortrait UIInterfaceOrientationPortraitUpsideDown UIInterfaceOrientationLandscapeLeft UIInterfaceOrientationLandscapeRight";
				INFOPLIST_KEY_UISupportedInterfaceOrientations_iPhone = "UIInterfaceOrientationPortrait UIInterfaceOrientationLandscapeLeft UIInterfaceOrientationLandscapeRight";
				IPHONEOS_DEPLOYMENT_TARGET = 18.5;
				LD_RUNPATH_SEARCH_PATHS = (
					"$(inherited)",
					"@executable_path/Frameworks",
				);
				MARKETING_VERSION = 1.3;
				PRODUCT_BUNDLE_IDENTIFIER = euleryu.gps;
				PRODUCT_NAME = "$(TARGET_NAME)";
				PROVISIONING_PROFILE_SPECIFIER = "";
				SDKROOT = iphoneos;
				SWIFT_EMIT_LOC_STRINGS = YES;
				SWIFT_VERSION = 5.0;
				TARGETED_DEVICE_FAMILY = "1,2";
				VALIDATE_PRODUCT = YES;
			};
			name = Release;
		};
		B9641BF22F07CC03005DFB1F /* Debug */ = {
			isa = XCBuildConfiguration;
			buildSettings = {
				ASSETCATALOG_COMPILER_GLOBAL_ACCENT_COLOR_NAME = AccentColor;
				ASSETCATALOG_COMPILER_WIDGET_BACKGROUND_COLOR_NAME = WidgetBackground;
				CODE_SIGN_ENTITLEMENTS = WorkoutWidget/WorkoutWidget.entitlements;
				CODE_SIGN_STYLE = Automatic;
				CURRENT_PROJECT_VERSION = 157;
				DEVELOPMENT_TEAM = LYK4LV2859;
				GENERATE_INFOPLIST_FILE = YES;
				INFOPLIST_FILE = WorkoutWidget/Info.plist;
				INFOPLIST_KEY_CFBundleDisplayName = WorkoutWidget;
				INFOPLIST_KEY_NSHealthShareUsageDescription = "The widget displays your workout statistics including distance and workout counts from HealthKit.";
				INFOPLIST_KEY_NSHumanReadableCopyright = "";
				IPHONEOS_DEPLOYMENT_TARGET = 18.5;
				LD_RUNPATH_SEARCH_PATHS = (
					"$(inherited)",
					"@executable_path/Frameworks",
					"@executable_path/../../Frameworks",
				);
				MARKETING_VERSION = 1.3;
				PRODUCT_BUNDLE_IDENTIFIER = euleryu.gps.WorkoutWidget;
				PRODUCT_NAME = "$(TARGET_NAME)";
				SDKROOT = iphoneos;
				SKIP_INSTALL = YES;
				STRING_CATALOG_GENERATE_SYMBOLS = YES;
				SWIFT_APPROACHABLE_CONCURRENCY = YES;
				SWIFT_EMIT_LOC_STRINGS = YES;
				SWIFT_UPCOMING_FEATURE_MEMBER_IMPORT_VISIBILITY = YES;
				SWIFT_VERSION = 5.0;
				TARGETED_DEVICE_FAMILY = "1,2";
			};
			name = Debug;
		};
		B9641BF32F07CC03005DFB1F /* Release */ = {
			isa = XCBuildConfiguration;
			buildSettings = {
				ASSETCATALOG_COMPILER_GLOBAL_ACCENT_COLOR_NAME = AccentColor;
				ASSETCATALOG_COMPILER_WIDGET_BACKGROUND_COLOR_NAME = WidgetBackground;
				CODE_SIGN_ENTITLEMENTS = WorkoutWidget/WorkoutWidget.entitlements;
				CODE_SIGN_STYLE = Automatic;
				CURRENT_PROJECT_VERSION = 157;
				DEVELOPMENT_TEAM = LYK4LV2859;
				GENERATE_INFOPLIST_FILE = YES;
				INFOPLIST_FILE = WorkoutWidget/Info.plist;
				INFOPLIST_KEY_CFBundleDisplayName = WorkoutWidget;
				INFOPLIST_KEY_NSHealthShareUsageDescription = "The widget displays your workout statistics including distance and workout counts from HealthKit.";
				INFOPLIST_KEY_NSHumanReadableCopyright = "";
				IPHONEOS_DEPLOYMENT_TARGET = 18.5;
				LD_RUNPATH_SEARCH_PATHS = (
					"$(inherited)",
					"@executable_path/Frameworks",
					"@executable_path/../../Frameworks",
				);
				MARKETING_VERSION = 1.3;
				PRODUCT_BUNDLE_IDENTIFIER = euleryu.gps.WorkoutWidget;
				PRODUCT_NAME = "$(TARGET_NAME)";
				SDKROOT = iphoneos;
				SKIP_INSTALL = YES;
				STRING_CATALOG_GENERATE_SYMBOLS = YES;
				SWIFT_APPROACHABLE_CONCURRENCY = YES;
				SWIFT_EMIT_LOC_STRINGS = YES;
				SWIFT_UPCOMING_FEATURE_MEMBER_IMPORT_VISIBILITY = YES;
				SWIFT_VERSION = 5.0;
				TARGETED_DEVICE_FAMILY = "1,2";
				VALIDATE_PRODUCT = YES;
			};
			name = Release;
		};
/* End XCBuildConfiguration section */

/* Begin XCConfigurationList section */
		4B5B76042EEC5D49004907CC /* Build configuration list for PBXProject "GPS location app" */ = {
			isa = XCConfigurationList;
			buildConfigurations = (
				4B5B76212EEC5D50004907CC /* Debug */,
				4B5B76222EEC5D50004907CC /* Release */,
			);
			defaultConfigurationIsVisible = 0;
			defaultConfigurationName = Release;
		};
		4B5B76232EEC5D50004907CC /* Build configuration list for PBXNativeTarget "GPS location app Watch App" */ = {
			isa = XCConfigurationList;
			buildConfigurations = (
				4B5B76242EEC5D50004907CC /* Debug */,
				4B5B76252EEC5D50004907CC /* Release */,
			);
			defaultConfigurationIsVisible = 0;
			defaultConfigurationName = Release;
		};
		4B5B76272EEC5D50004907CC /* Build configuration list for PBXNativeTarget "GPS location app" */ = {
			isa = XCConfigurationList;
			buildConfigurations = (
				4B5B76282EEC5D50004907CC /* Debug */,
				4B5B76292EEC5D50004907CC /* Release */,
			);
			defaultConfigurationIsVisible = 0;
			defaultConfigurationName = Release;
		};
		B9641BF12F07CC03005DFB1F /* Build configuration list for PBXNativeTarget "WorkoutWidgetExtension" */ = {
			isa = XCConfigurationList;
			buildConfigurations = (
				B9641BF22F07CC03005DFB1F /* Debug */,
				B9641BF32F07CC03005DFB1F /* Release */,
			);
			defaultConfigurationIsVisible = 0;
			defaultConfigurationName = Release;
		};
/* End XCConfigurationList section */
	};
	rootObject = 4B5B76012EEC5D49004907CC /* Project object */;
}
